
Microsoft Visual Studio Solution File, Format Version 12.00
# Visual Studio Version 17
VisualStudioVersion = 17.8.34525.116
MinimumVisualStudioVersion = 10.0.40219.1
Project("{FAE04EC0-301F-11D3-BF4B-00C04F79EFBC}") = "algoritmo_pot_raiz", "algoritmo_pot_raiz.csproj", "{BEF6AA33-34C6-4690-8B7B-8D36DC513EC2}"
EndProject
Global
	GlobalSection(SolutionConfigurationPlatforms) = preSolution
		Debug|Any CPU = Debug|Any CPU
		Release|Any CPU = Release|Any CPU
	EndGlobalSection
	GlobalSection(ProjectConfigurationPlatforms) = postSolution
		{BEF6AA33-34C6-4690-8B7B-8D36DC513EC2}.Debug|Any CPU.ActiveCfg = Debug|Any CPU
		{BEF6AA33-34C6-4690-8B7B-8D36DC513EC2}.Debug|Any CPU.Build.0 = Debug|Any CPU
		{BEF6AA33-34C6-4690-8B7B-8D36DC513EC2}.Release|Any CPU.ActiveCfg = Release|Any CPU
		{BEF6AA33-34C6-4690-8B7B-8D36DC513EC2}.Release|Any CPU.Build.0 = Release|Any CPU
	EndGlobalSection
	GlobalSection(SolutionProperties) = preSolution
		HideSolutionNode = FALSE
	EndGlobalSection
	GlobalSection(ExtensibilityGlobals) = postSolution
		SolutionGuid = {9216ABE7-5661-4D74-B8CD-AECE1BF19F81}
	EndGlobalSection
EndGlobal
