
Microsoft Visual Studio Solution File, Format Version 12.00
# Visual Studio Version 17
VisualStudioVersion = 17.8.34525.116
MinimumVisualStudioVersion = 10.0.40219.1
Project("{FAE04EC0-301F-11D3-BF4B-00C04F79EFBC}") = "Dist_puntos", "Dist_puntos.csproj", "{7A8218AF-4F38-4512-A4A0-2DEDC54B28CE}"
EndProject
Global
	GlobalSection(SolutionConfigurationPlatforms) = preSolution
		Debug|Any CPU = Debug|Any CPU
		Release|Any CPU = Release|Any CPU
	EndGlobalSection
	GlobalSection(ProjectConfigurationPlatforms) = postSolution
		{7A8218AF-4F38-4512-A4A0-2DEDC54B28CE}.Debug|Any CPU.ActiveCfg = Debug|Any CPU
		{7A8218AF-4F38-4512-A4A0-2DEDC54B28CE}.Debug|Any CPU.Build.0 = Debug|Any CPU
		{7A8218AF-4F38-4512-A4A0-2DEDC54B28CE}.Release|Any CPU.ActiveCfg = Release|Any CPU
		{7A8218AF-4F38-4512-A4A0-2DEDC54B28CE}.Release|Any CPU.Build.0 = Release|Any CPU
	EndGlobalSection
	GlobalSection(SolutionProperties) = preSolution
		HideSolutionNode = FALSE
	EndGlobalSection
	GlobalSection(ExtensibilityGlobals) = postSolution
		SolutionGuid = {CC9D93D1-51F8-49C2-9615-0323D1C9CD01}
	EndGlobalSection
EndGlobal
